// !$*UTF8*$!
{
	archiveVersion = 1;
	classes = {
	};
	objectVersion = 50;
	objects = {

/* Begin PBXBuildFile section */
		DB2B90CF26BBE8D9007AB325 /* AppDelegate.swift in Sources */ = {isa = PBXBuildFile; fileRef = DB2B90CE26BBE8D9007AB325 /* AppDelegate.swift */; };
		DB2B90D126BBE8D9007AB325 /* SceneDelegate.swift in Sources */ = {isa = PBXBuildFile; fileRef = DB2B90D026BBE8D9007AB325 /* SceneDelegate.swift */; };
		DB2B90D626BBE8D9007AB325 /* Main.storyboard in Resources */ = {isa = PBXBuildFile; fileRef = DB2B90D426BBE8D9007AB325 /* Main.storyboard */; };
		DB2B90D826BBE8D9007AB325 /* Assets.xcassets in Resources */ = {isa = PBXBuildFile; fileRef = DB2B90D726BBE8D9007AB325 /* Assets.xcassets */; };
		DB2B90DB26BBE8D9007AB325 /* LaunchScreen.storyboard in Resources */ = {isa = PBXBuildFile; fileRef = DB2B90D926BBE8D9007AB325 /* LaunchScreen.storyboard */; };
		DB2B90E826BBF659007AB325 /* TaskListTVC.swift in Sources */ = {isa = PBXBuildFile; fileRef = DB2B90E726BBF659007AB325 /* TaskListTVC.swift */; };
		DB2B90EA26BBF699007AB325 /* TaskCell.swift in Sources */ = {isa = PBXBuildFile; fileRef = DB2B90E926BBF699007AB325 /* TaskCell.swift */; };
		DB2B90EC26BBF769007AB325 /* TaskVC.swift in Sources */ = {isa = PBXBuildFile; fileRef = DB2B90EB26BBF769007AB325 /* TaskVC.swift */; };
		DB2B90EE26BC09C9007AB325 /* Delegate.swift in Sources */ = {isa = PBXBuildFile; fileRef = DB2B90ED26BC09C9007AB325 /* Delegate.swift */; };
		DB2B90F026BC09E1007AB325 /* TaskModel.swift in Sources */ = {isa = PBXBuildFile; fileRef = DB2B90EF26BC09E1007AB325 /* TaskModel.swift */; };
/* End PBXBuildFile section */

/* Begin PBXFileReference section */
		DB2B90CB26BBE8D9007AB325 /* To-Do List.app */ = {isa = PBXFileReference; explicitFileType = wrapper.application; includeInIndex = 0; path = "To-Do List.app"; sourceTree = BUILT_PRODUCTS_DIR; };
		DB2B90CE26BBE8D9007AB325 /* AppDelegate.swift */ = {isa = PBXFileReference; lastKnownFileType = sourcecode.swift; path = AppDelegate.swift; sourceTree = "<group>"; };
		DB2B90D026BBE8D9007AB325 /* SceneDelegate.swift */ = {isa = PBXFileReference; lastKnownFileType = sourcecode.swift; path = SceneDelegate.swift; sourceTree = "<group>"; };
		DB2B90D526BBE8D9007AB325 /* Base */ = {isa = PBXFileReference; lastKnownFileType = file.storyboard; name = Base; path = Base.lproj/Main.storyboard; sourceTree = "<group>"; };
		DB2B90D726BBE8D9007AB325 /* Assets.xcassets */ = {isa = PBXFileReference; lastKnownFileType = folder.assetcatalog; path = Assets.xcassets; sourceTree = "<group>"; };
		DB2B90DA26BBE8D9007AB325 /* Base */ = {isa = PBXFileReference; lastKnownFileType = file.storyboard; name = Base; path = Base.lproj/LaunchScreen.storyboard; sourceTree = "<group>"; };
		DB2B90DC26BBE8D9007AB325 /* Info.plist */ = {isa = PBXFileReference; lastKnownFileType = text.plist.xml; path = Info.plist; sourceTree = "<group>"; };
		DB2B90E726BBF659007AB325 /* TaskListTVC.swift */ = {isa = PBXFileReference; lastKnownFileType = sourcecode.swift; path = TaskListTVC.swift; sourceTree = "<group>"; };
		DB2B90E926BBF699007AB325 /* TaskCell.swift */ = {isa = PBXFileReference; lastKnownFileType = sourcecode.swift; path = TaskCell.swift; sourceTree = "<group>"; };
		DB2B90EB26BBF769007AB325 /* TaskVC.swift */ = {isa = PBXFileReference; lastKnownFileType = sourcecode.swift; path = TaskVC.swift; sourceTree = "<group>"; };
		DB2B90ED26BC09C9007AB325 /* Delegate.swift */ = {isa = PBXFileReference; lastKnownFileType = sourcecode.swift; path = Delegate.swift; sourceTree = "<group>"; };
		DB2B90EF26BC09E1007AB325 /* TaskModel.swift */ = {isa = PBXFileReference; lastKnownFileType = sourcecode.swift; path = TaskModel.swift; sourceTree = "<group>"; };
/* End PBXFileReference section */

/* Begin PBXFrameworksBuildPhase section */
		DB2B90C826BBE8D9007AB325 /* Frameworks */ = {
			isa = PBXFrameworksBuildPhase;
			buildActionMask = 2147483647;
			files = (
			);
			runOnlyForDeploymentPostprocessing = 0;
		};
/* End PBXFrameworksBuildPhase section */

/* Begin PBXGroup section */
		DB2B90C226BBE8D9007AB325 = {
			isa = PBXGroup;
			children = (
				DB2B90CD26BBE8D9007AB325 /* To-Do List */,
				DB2B90CC26BBE8D9007AB325 /* Products */,
			);
			sourceTree = "<group>";
		};
		DB2B90CC26BBE8D9007AB325 /* Products */ = {
			isa = PBXGroup;
			children = (
				DB2B90CB26BBE8D9007AB325 /* To-Do List.app */,
			);
			name = Products;
			sourceTree = "<group>";
		};
		DB2B90CD26BBE8D9007AB325 /* To-Do List */ = {
			isa = PBXGroup;
			children = (
				DB2B90E226BBE92F007AB325 /* SetupFiles */,
				DB2B90D426BBE8D9007AB325 /* Main.storyboard */,
				DB2B90ED26BC09C9007AB325 /* Delegate.swift */,
				DB2B90EF26BC09E1007AB325 /* TaskModel.swift */,
				DB2B90EB26BBF769007AB325 /* TaskVC.swift */,
				DB2B90E926BBF699007AB325 /* TaskCell.swift */,
				DB2B90E726BBF659007AB325 /* TaskListTVC.swift */,
				DB2B90DC26BBE8D9007AB325 /* Info.plist */,
			);
			path = "To-Do List";
			sourceTree = "<group>";
		};
		DB2B90E226BBE92F007AB325 /* SetupFiles */ = {
			isa = PBXGroup;
			children = (
				DB2B90CE26BBE8D9007AB325 /* AppDelegate.swift */,
				DB2B90D026BBE8D9007AB325 /* SceneDelegate.swift */,
				DB2B90D726BBE8D9007AB325 /* Assets.xcassets */,
				DB2B90D926BBE8D9007AB325 /* LaunchScreen.storyboard */,
			);
			path = SetupFiles;
			sourceTree = "<group>";
		};
/* End PBXGroup section */

/* Begin PBXNativeTarget section */
		DB2B90CA26BBE8D9007AB325 /* To-Do List */ = {
			isa = PBXNativeTarget;
			buildConfigurationList = DB2B90DF26BBE8D9007AB325 /* Build configuration list for PBXNativeTarget "To-Do List" */;
			buildPhases = (
				DB2B90C726BBE8D9007AB325 /* Sources */,
				DB2B90C826BBE8D9007AB325 /* Frameworks */,
				DB2B90C926BBE8D9007AB325 /* Resources */,
			);
			buildRules = (
			);
			dependencies = (
			);
			name = "To-Do List";
			productName = "To-Do List";
			productReference = DB2B90CB26BBE8D9007AB325 /* To-Do List.app */;
			productType = "com.apple.product-type.application";
		};
/* End PBXNativeTarget section */

/* Begin PBXProject section */
		DB2B90C326BBE8D9007AB325 /* Project object */ = {
			isa = PBXProject;
			attributes = {
				LastSwiftUpdateCheck = 1250;
				LastUpgradeCheck = 1250;
				TargetAttributes = {
					DB2B90CA26BBE8D9007AB325 = {
						CreatedOnToolsVersion = 12.5.1;
					};
				};
			};
			buildConfigurationList = DB2B90C626BBE8D9007AB325 /* Build configuration list for PBXProject "To-Do List" */;
			compatibilityVersion = "Xcode 9.3";
			developmentRegion = en;
			hasScannedForEncodings = 0;
			knownRegions = (
				en,
				Base,
			);
			mainGroup = DB2B90C226BBE8D9007AB325;
			productRefGroup = DB2B90CC26BBE8D9007AB325 /* Products */;
			projectDirPath = "";
			projectRoot = "";
			targets = (
				DB2B90CA26BBE8D9007AB325 /* To-Do List */,
			);
		};
/* End PBXProject section */

/* Begin PBXResourcesBuildPhase section */
		DB2B90C926BBE8D9007AB325 /* Resources */ = {
			isa = PBXResourcesBuildPhase;
			buildActionMask = 2147483647;
			files = (
				DB2B90DB26BBE8D9007AB325 /* LaunchScreen.storyboard in Resources */,
				DB2B90D826BBE8D9007AB325 /* Assets.xcassets in Resources */,
				DB2B90D626BBE8D9007AB325 /* Main.storyboard in Resources */,
			);
			runOnlyForDeploymentPostprocessing = 0;
		};
/* End PBXResourcesBuildPhase section */

/* Begin PBXSourcesBuildPhase section */
		DB2B90C726BBE8D9007AB325 /* Sources */ = {
			isa = PBXSourcesBuildPhase;
			buildActionMask = 2147483647;
			files = (
				DB2B90EE26BC09C9007AB325 /* Delegate.swift in Sources */,
				DB2B90EA26BBF699007AB325 /* TaskCell.swift in Sources */,
				DB2B90CF26BBE8D9007AB325 /* AppDelegate.swift in Sources */,
				DB2B90D126BBE8D9007AB325 /* SceneDelegate.swift in Sources */,
				DB2B90EC26BBF769007AB325 /* TaskVC.swift in Sources */,
				DB2B90E826BBF659007AB325 /* TaskListTVC.swift in Sources */,
				DB2B90F026BC09E1007AB325 /* TaskModel.swift in Sources */,
			);
			runOnlyForDeploymentPostprocessing = 0;
		};
/* End PBXSourcesBuildPhase section */

/* Begin PBXVariantGroup section */
		DB2B90D426BBE8D9007AB325 /* Main.storyboard */ = {
			isa = PBXVariantGroup;
			children = (
				DB2B90D526BBE8D9007AB325 /* Base */,
			);
			name = Main.storyboard;
			sourceTree = "<group>";
		};
		DB2B90D926BBE8D9007AB325 /* LaunchScreen.storyboard */ = {
			isa = PBXVariantGroup;
			children = (
				DB2B90DA26BBE8D9007AB325 /* Base */,
			);
			name = LaunchScreen.storyboard;
			sourceTree = "<group>";
		};
/* End PBXVariantGroup section */

/* Begin XCBuildConfiguration section */
		DB2B90DD26BBE8D9007AB325 /* Debug */ = {
			isa = XCBuildConfiguration;
			buildSettings = {
				ALWAYS_SEARCH_USER_PATHS = NO;
				CLANG_ANALYZER_NONNULL = YES;
				CLANG_ANALYZER_NUMBER_OBJECT_CONVERSION = YES_AGGRESSIVE;
				CLANG_CXX_LANGUAGE_STANDARD = "gnu++14";
				CLANG_CXX_LIBRARY = "libc++";
				CLANG_ENABLE_MODULES = YES;
				CLANG_ENABLE_OBJC_ARC = YES;
				CLANG_ENABLE_OBJC_WEAK = YES;
				CLANG_WARN_BLOCK_CAPTURE_AUTORELEASING = YES;
				CLANG_WARN_BOOL_CONVERSION = YES;
				CLANG_WARN_COMMA = YES;
				CLANG_WARN_CONSTANT_CONVERSION = YES;
				CLANG_WARN_DEPRECATED_OBJC_IMPLEMENTATIONS = YES;
				CLANG_WARN_DIRECT_OBJC_ISA_USAGE = YES_ERROR;
				CLANG_WARN_DOCUMENTATION_COMMENTS = YES;
				CLANG_WARN_EMPTY_BODY = YES;
				CLANG_WARN_ENUM_CONVERSION = YES;
				CLANG_WARN_INFINITE_RECURSION = YES;
				CLANG_WARN_INT_CONVERSION = YES;
				CLANG_WARN_NON_LITERAL_NULL_CONVERSION = YES;
				CLANG_WARN_OBJC_IMPLICIT_RETAIN_SELF = YES;
				CLANG_WARN_OBJC_LITERAL_CONVERSION = YES;
				CLANG_WARN_OBJC_ROOT_CLASS = YES_ERROR;
				CLANG_WARN_QUOTED_INCLUDE_IN_FRAMEWORK_HEADER = YES;
				CLANG_WARN_RANGE_LOOP_ANALYSIS = YES;
				CLANG_WARN_STRICT_PROTOTYPES = YES;
				CLANG_WARN_SUSPICIOUS_MOVE = YES;
				CLANG_WARN_UNGUARDED_AVAILABILITY = YES_AGGRESSIVE;
				CLANG_WARN_UNREACHABLE_CODE = YES;
				CLANG_WARN__DUPLICATE_METHOD_MATCH = YES;
				COPY_PHASE_STRIP = NO;
				DEBUG_INFORMATION_FORMAT = dwarf;
				ENABLE_STRICT_OBJC_MSGSEND = YES;
				ENABLE_TESTABILITY = YES;
				GCC_C_LANGUAGE_STANDARD = gnu11;
				GCC_DYNAMIC_NO_PIC = NO;
				GCC_NO_COMMON_BLOCKS = YES;
				GCC_OPTIMIZATION_LEVEL = 0;
				GCC_PREPROCESSOR_DEFINITIONS = (
					"DEBUG=1",
					"$(inherited)",
				);
				GCC_WARN_64_TO_32_BIT_CONVERSION = YES;
				GCC_WARN_ABOUT_RETURN_TYPE = YES_ERROR;
				GCC_WARN_UNDECLARED_SELECTOR = YES;
				GCC_WARN_UNINITIALIZED_AUTOS = YES_AGGRESSIVE;
				GCC_WARN_UNUSED_FUNCTION = YES;
				GCC_WARN_UNUSED_VARIABLE = YES;
				IPHONEOS_DEPLOYMENT_TARGET = 14.5;
				MTL_ENABLE_DEBUG_INFO = INCLUDE_SOURCE;
				MTL_FAST_MATH = YES;
				ONLY_ACTIVE_ARCH = YES;
				SDKROOT = iphoneos;
				SWIFT_ACTIVE_COMPILATION_CONDITIONS = DEBUG;
				SWIFT_OPTIMIZATION_LEVEL = "-Onone";
			};
			name = Debug;
		};
		DB2B90DE26BBE8D9007AB325 /* Release */ = {
			isa = XCBuildConfiguration;
			buildSettings = {
				ALWAYS_SEARCH_USER_PATHS = NO;
				CLANG_ANALYZER_NONNULL = YES;
				CLANG_ANALYZER_NUMBER_OBJECT_CONVERSION = YES_AGGRESSIVE;
				CLANG_CXX_LANGUAGE_STANDARD = "gnu++14";
				CLANG_CXX_LIBRARY = "libc++";
				CLANG_ENABLE_MODULES = YES;
				CLANG_ENABLE_OBJC_ARC = YES;
				CLANG_ENABLE_OBJC_WEAK = YES;
				CLANG_WARN_BLOCK_CAPTURE_AUTORELEASING = YES;
				CLANG_WARN_BOOL_CONVERSION = YES;
				CLANG_WARN_COMMA = YES;
				CLANG_WARN_CONSTANT_CONVERSION = YES;
				CLANG_WARN_DEPRECATED_OBJC_IMPLEMENTATIONS = YES;
				CLANG_WARN_DIRECT_OBJC_ISA_USAGE = YES_ERROR;
				CLANG_WARN_DOCUMENTATION_COMMENTS = YES;
				CLANG_WARN_EMPTY_BODY = YES;
				CLANG_WARN_ENUM_CONVERSION = YES;
				CLANG_WARN_INFINITE_RECURSION = YES;
				CLANG_WARN_INT_CONVERSION = YES;
				CLANG_WARN_NON_LITERAL_NULL_CONVERSION = YES;
				CLANG_WARN_OBJC_IMPLICIT_RETAIN_SELF = YES;
				CLANG_WARN_OBJC_LITERAL_CONVERSION = YES;
				CLANG_WARN_OBJC_ROOT_CLASS = YES_ERROR;
				CLANG_WARN_QUOTED_INCLUDE_IN_FRAMEWORK_HEADER = YES;
				CLANG_WARN_RANGE_LOOP_ANALYSIS = YES;
				CLANG_WARN_STRICT_PROTOTYPES = YES;
				CLANG_WARN_SUSPICIOUS_MOVE = YES;
				CLANG_WARN_UNGUARDED_AVAILABILITY = YES_AGGRESSIVE;
				CLANG_WARN_UNREACHABLE_CODE = YES;
				CLANG_WARN__DUPLICATE_METHOD_MATCH = YES;
				COPY_PHASE_STRIP = NO;
				DEBUG_INFORMATION_FORMAT = "dwarf-with-dsym";
				ENABLE_NS_ASSERTIONS = NO;
				ENABLE_STRICT_OBJC_MSGSEND = YES;
				GCC_C_LANGUAGE_STANDARD = gnu11;
				GCC_NO_COMMON_BLOCKS = YES;
				GCC_WARN_64_TO_32_BIT_CONVERSION = YES;
				GCC_WARN_ABOUT_RETURN_TYPE = YES_ERROR;
				GCC_WARN_UNDECLARED_SELECTOR = YES;
				GCC_WARN_UNINITIALIZED_AUTOS = YES_AGGRESSIVE;
				GCC_WARN_UNUSED_FUNCTION = YES;
				GCC_WARN_UNUSED_VARIABLE = YES;
				IPHONEOS_DEPLOYMENT_TARGET = 14.5;
				MTL_ENABLE_DEBUG_INFO = NO;
				MTL_FAST_MATH = YES;
				SDKROOT = iphoneos;
				SWIFT_COMPILATION_MODE = wholemodule;
				SWIFT_OPTIMIZATION_LEVEL = "-O";
				VALIDATE_PRODUCT = YES;
			};
			name = Release;
		};
		DB2B90E026BBE8D9007AB325 /* Debug */ = {
			isa = XCBuildConfiguration;
			buildSettings = {
				ASSETCATALOG_COMPILER_APPICON_NAME = AppIcon;
				ASSETCATALOG_COMPILER_GLOBAL_ACCENT_COLOR_NAME = AccentColor;
				CODE_SIGN_STYLE = Automatic;
				INFOPLIST_FILE = "To-Do List/Info.plist";
				LD_RUNPATH_SEARCH_PATHS = (
					"$(inherited)",
					"@executable_path/Frameworks",
				);
				PRODUCT_BUNDLE_IDENTIFIER = "ru.NovikovIlya.To-Do-List";
				PRODUCT_NAME = "$(TARGET_NAME)";
				SWIFT_VERSION = 5.0;
				TARGETED_DEVICE_FAMILY = "1,2";
			};
			name = Debug;
		};
		DB2B90E126BBE8D9007AB325 /* Release */ = {
			isa = XCBuildConfiguration;
			buildSettings = {
				ASSETCATALOG_COMPILER_APPICON_NAME = AppIcon;
				ASSETCATALOG_COMPILER_GLOBAL_ACCENT_COLOR_NAME = AccentColor;
				CODE_SIGN_STYLE = Automatic;
				INFOPLIST_FILE = "To-Do List/Info.plist";
				LD_RUNPATH_SEARCH_PATHS = (
					"$(inherited)",
					"@executable_path/Frameworks",
				);
				PRODUCT_BUNDLE_IDENTIFIER = "ru.NovikovIlya.To-Do-List";
				PRODUCT_NAME = "$(TARGET_NAME)";
				SWIFT_VERSION = 5.0;
				TARGETED_DEVICE_FAMILY = "1,2";
			};
			name = Release;
		};
/* End XCBuildConfiguration section */

/* Begin XCConfigurationList section */
		DB2B90C626BBE8D9007AB325 /* Build configuration list for PBXProject "To-Do List" */ = {
			isa = XCConfigurationList;
			buildConfigurations = (
				DB2B90DD26BBE8D9007AB325 /* Debug */,
				DB2B90DE26BBE8D9007AB325 /* Release */,
			);
			defaultConfigurationIsVisible = 0;
			defaultConfigurationName = Release;
		};
		DB2B90DF26BBE8D9007AB325 /* Build configuration list for PBXNativeTarget "To-Do List" */ = {
			isa = XCConfigurationList;
			buildConfigurations = (
				DB2B90E026BBE8D9007AB325 /* Debug */,
				DB2B90E126BBE8D9007AB325 /* Release */,
			);
			defaultConfigurationIsVisible = 0;
			defaultConfigurationName = Release;
		};
/* End XCConfigurationList section */
	};
	rootObject = DB2B90C326BBE8D9007AB325 /* Project object */;
}
